
Microsoft Visual Studio Solution File, Format Version 12.00
# Visual Studio Version 16
VisualStudioVersion = 16.0.31205.134
MinimumVisualStudioVersion = 10.0.40219.1
Project("{9A19103F-16F7-4668-BE54-9A1E7A4F7556}") = "AspCoreMVC-Starter", "AspCoreMVC-Starter\AspCoreMVC-Starter.csproj", "{0967D461-99C8-49EA-ACC7-ABD04FEA84C3}"
EndProject
Project("{FAE04EC0-301F-11D3-BF4B-00C04F79EFBC}") = "InitDatabase", "InitDatabase\InitDatabase.csproj", "{DDE68E8B-2A97-4E27-9F1D-5A9C6A1FF378}"
EndProject
Global
	GlobalSection(SolutionConfigurationPlatforms) = preSolution
		Debug|Any CPU = Debug|Any CPU
		Release|Any CPU = Release|Any CPU
	EndGlobalSection
	GlobalSection(ProjectConfigurationPlatforms) = postSolution
		{0967D461-99C8-49EA-ACC7-ABD04FEA84C3}.Debug|Any CPU.ActiveCfg = Debug|Any CPU
		{0967D461-99C8-49EA-ACC7-ABD04FEA84C3}.Debug|Any CPU.Build.0 = Debug|Any CPU
		{0967D461-99C8-49EA-ACC7-ABD04FEA84C3}.Release|Any CPU.ActiveCfg = Release|Any CPU
		{0967D461-99C8-49EA-ACC7-ABD04FEA84C3}.Release|Any CPU.Build.0 = Release|Any CPU
		{DDE68E8B-2A97-4E27-9F1D-5A9C6A1FF378}.Debug|Any CPU.ActiveCfg = Debug|Any CPU
		{DDE68E8B-2A97-4E27-9F1D-5A9C6A1FF378}.Debug|Any CPU.Build.0 = Debug|Any CPU
		{DDE68E8B-2A97-4E27-9F1D-5A9C6A1FF378}.Release|Any CPU.ActiveCfg = Release|Any CPU
		{DDE68E8B-2A97-4E27-9F1D-5A9C6A1FF378}.Release|Any CPU.Build.0 = Release|Any CPU
	EndGlobalSection
	GlobalSection(SolutionProperties) = preSolution
		HideSolutionNode = FALSE
	EndGlobalSection
	GlobalSection(ExtensibilityGlobals) = postSolution
		SolutionGuid = {F34C2E05-84A1-4CDE-B694-DE3E879B2544}
	EndGlobalSection
EndGlobal
